
Microsoft Visual Studio Solution File, Format Version 12.00
# Visual Studio Version 16
VisualStudioVersion = 16.0.29519.87
MinimumVisualStudioVersion = 10.0.40219.1
Project("{00D1A9C2-B5F0-4AF3-8072-F6C62B433612}") = "enLabelDatabase", "enLabelDatabase\enLabelDatabase.sqlproj", "{724235FD-BEC9-48A4-B47A-4B4CEA1E9187}"
EndProject
Project("{FAE04EC0-301F-11D3-BF4B-00C04F79EFBC}") = "TechnicalTest", "TechnicalTest\TechnicalTest.csproj", "{23120992-582E-400B-9AB9-32D5192BD29C}"
EndProject
Global
	GlobalSection(SolutionConfigurationPlatforms) = preSolution
		Debug|Any CPU = Debug|Any CPU
		Release|Any CPU = Release|Any CPU
	EndGlobalSection
	GlobalSection(ProjectConfigurationPlatforms) = postSolution
		{724235FD-BEC9-48A4-B47A-4B4CEA1E9187}.Debug|Any CPU.ActiveCfg = Debug|Any CPU
		{724235FD-BEC9-48A4-B47A-4B4CEA1E9187}.Debug|Any CPU.Build.0 = Debug|Any CPU
		{724235FD-BEC9-48A4-B47A-4B4CEA1E9187}.Debug|Any CPU.Deploy.0 = Debug|Any CPU
		{724235FD-BEC9-48A4-B47A-4B4CEA1E9187}.Release|Any CPU.ActiveCfg = Release|Any CPU
		{724235FD-BEC9-48A4-B47A-4B4CEA1E9187}.Release|Any CPU.Build.0 = Release|Any CPU
		{724235FD-BEC9-48A4-B47A-4B4CEA1E9187}.Release|Any CPU.Deploy.0 = Release|Any CPU
		{23120992-582E-400B-9AB9-32D5192BD29C}.Debug|Any CPU.ActiveCfg = Debug|Any CPU
		{23120992-582E-400B-9AB9-32D5192BD29C}.Debug|Any CPU.Build.0 = Debug|Any CPU
		{23120992-582E-400B-9AB9-32D5192BD29C}.Release|Any CPU.ActiveCfg = Release|Any CPU
		{23120992-582E-400B-9AB9-32D5192BD29C}.Release|Any CPU.Build.0 = Release|Any CPU
	EndGlobalSection
	GlobalSection(SolutionProperties) = preSolution
		HideSolutionNode = FALSE
	EndGlobalSection
	GlobalSection(ExtensibilityGlobals) = postSolution
		SolutionGuid = {37A36CCD-73CB-44AE-A4FA-89AF8D7DDB5E}
		EnterpriseLibraryConfigurationToolBinariesPathV6 = packages\EnterpriseLibrary.Common.6.0.1304.0\lib\NET45;packages\EnterpriseLibrary.Data.6.0.1304.0\lib\NET45
	EndGlobalSection
EndGlobal
